
Microsoft Visual Studio Solution File, Format Version 12.00
# Visual Studio 2013
VisualStudioVersion = 12.0.30324.0
MinimumVisualStudioVersion = 10.0.40219.1
Project("{D954291E-2A0B-460D-934E-DC6B0785DB48}") = "FootballTournament2014", "FootballTournament2014\FootballTournament2014.shproj", "{EB24946D-120A-476C-81F4-924880D22A2A}"
EndProject
Project("{FAE04EC0-301F-11D3-BF4B-00C04F79EFBC}") = "FootballTournament2014.iOS", "iOS\FootballTournament2014.iOS.csproj", "{FBF6C72F-0F46-412C-98D4-5254A91B03A4}"
EndProject
Project("{FAE04EC0-301F-11D3-BF4B-00C04F79EFBC}") = "FootballTournament2014.Android", "Android\FootballTournament2014.Android.csproj", "{D9F91A28-FBEF-4542-B3BE-A42EF82E9FB3}"
EndProject
Project("{FAE04EC0-301F-11D3-BF4B-00C04F79EFBC}") = "FootballTournament.Common", "FootballTournament.Common\FootballTournament.Common.csproj", "{AEA50B56-1C83-419C-9A00-2C9AC2AFA751}"
EndProject
Project("{FAE04EC0-301F-11D3-BF4B-00C04F79EFBC}") = "FootballTournament2014.WindowsPhone", "FootballTournament2014.WindowsPhone\FootballTournament2014.WindowsPhone.csproj", "{FDC9CBB0-5396-465D-B0F0-935DE14B7C7B}"
EndProject
Global
	GlobalSection(SharedMSBuildProjectFiles) = preSolution
		FootballTournament2014\FootballTournament2014.projitems*{fdc9cbb0-5396-465d-b0f0-935de14b7c7b}*SharedItemsImports = 4
		FootballTournament2014\FootballTournament2014.projitems*{eb24946d-120a-476c-81f4-924880d22a2a}*SharedItemsImports = 13
	EndGlobalSection
	GlobalSection(SolutionConfigurationPlatforms) = preSolution
		Ad-Hoc|Any CPU = Ad-Hoc|Any CPU
		Ad-Hoc|ARM = Ad-Hoc|ARM
		Ad-Hoc|iPhone = Ad-Hoc|iPhone
		Ad-Hoc|iPhoneSimulator = Ad-Hoc|iPhoneSimulator
		Ad-Hoc|x86 = Ad-Hoc|x86
		AppStore|Any CPU = AppStore|Any CPU
		AppStore|ARM = AppStore|ARM
		AppStore|iPhone = AppStore|iPhone
		AppStore|iPhoneSimulator = AppStore|iPhoneSimulator
		AppStore|x86 = AppStore|x86
		Debug|Any CPU = Debug|Any CPU
		Debug|ARM = Debug|ARM
		Debug|iPhone = Debug|iPhone
		Debug|iPhoneSimulator = Debug|iPhoneSimulator
		Debug|x86 = Debug|x86
		Release|Any CPU = Release|Any CPU
		Release|ARM = Release|ARM
		Release|iPhone = Release|iPhone
		Release|iPhoneSimulator = Release|iPhoneSimulator
		Release|x86 = Release|x86
	EndGlobalSection
	GlobalSection(ProjectConfigurationPlatforms) = postSolution
		{EB24946D-120A-476C-81F4-924880D22A2A}.Ad-Hoc|Any CPU.ActiveCfg = Debug|iPhoneSimulator
		{EB24946D-120A-476C-81F4-924880D22A2A}.Ad-Hoc|ARM.ActiveCfg = Debug|iPhoneSimulator
		{EB24946D-120A-476C-81F4-924880D22A2A}.Ad-Hoc|iPhone.ActiveCfg = Debug|iPhoneSimulator
		{EB24946D-120A-476C-81F4-924880D22A2A}.Ad-Hoc|iPhone.Build.0 = Debug|iPhoneSimulator
		{EB24946D-120A-476C-81F4-924880D22A2A}.Ad-Hoc|iPhoneSimulator.ActiveCfg = Debug|iPhoneSimulator
		{EB24946D-120A-476C-81F4-924880D22A2A}.Ad-Hoc|x86.ActiveCfg = Debug|iPhoneSimulator
		{EB24946D-120A-476C-81F4-924880D22A2A}.AppStore|Any CPU.ActiveCfg = Debug|iPhoneSimulator
		{EB24946D-120A-476C-81F4-924880D22A2A}.AppStore|ARM.ActiveCfg = Debug|iPhoneSimulator
		{EB24946D-120A-476C-81F4-924880D22A2A}.AppStore|iPhone.ActiveCfg = Debug|iPhoneSimulator
		{EB24946D-120A-476C-81F4-924880D22A2A}.AppStore|iPhone.Build.0 = Debug|iPhoneSimulator
		{EB24946D-120A-476C-81F4-924880D22A2A}.AppStore|iPhoneSimulator.ActiveCfg = Debug|iPhoneSimulator
		{EB24946D-120A-476C-81F4-924880D22A2A}.AppStore|x86.ActiveCfg = Debug|iPhoneSimulator
		{EB24946D-120A-476C-81F4-924880D22A2A}.Debug|Any CPU.ActiveCfg = Debug|iPhoneSimulator
		{EB24946D-120A-476C-81F4-924880D22A2A}.Debug|Any CPU.Build.0 = Debug|iPhoneSimulator
		{EB24946D-120A-476C-81F4-924880D22A2A}.Debug|ARM.ActiveCfg = Debug|iPhoneSimulator
		{EB24946D-120A-476C-81F4-924880D22A2A}.Debug|iPhone.ActiveCfg = Debug|iPhoneSimulator
		{EB24946D-120A-476C-81F4-924880D22A2A}.Debug|iPhone.Build.0 = Debug|iPhoneSimulator
		{EB24946D-120A-476C-81F4-924880D22A2A}.Debug|iPhoneSimulator.ActiveCfg = Debug|iPhoneSimulator
		{EB24946D-120A-476C-81F4-924880D22A2A}.Debug|iPhoneSimulator.Build.0 = Debug|iPhoneSimulator
		{EB24946D-120A-476C-81F4-924880D22A2A}.Debug|x86.ActiveCfg = Debug|iPhoneSimulator
		{EB24946D-120A-476C-81F4-924880D22A2A}.Release|Any CPU.ActiveCfg = Debug|iPhoneSimulator
		{EB24946D-120A-476C-81F4-924880D22A2A}.Release|Any CPU.Build.0 = Debug|iPhoneSimulator
		{EB24946D-120A-476C-81F4-924880D22A2A}.Release|ARM.ActiveCfg = Debug|iPhoneSimulator
		{EB24946D-120A-476C-81F4-924880D22A2A}.Release|iPhone.ActiveCfg = Debug|iPhoneSimulator
		{EB24946D-120A-476C-81F4-924880D22A2A}.Release|iPhone.Build.0 = Debug|iPhoneSimulator
		{EB24946D-120A-476C-81F4-924880D22A2A}.Release|iPhoneSimulator.ActiveCfg = Debug|iPhoneSimulator
		{EB24946D-120A-476C-81F4-924880D22A2A}.Release|iPhoneSimulator.Build.0 = Debug|iPhoneSimulator
		{EB24946D-120A-476C-81F4-924880D22A2A}.Release|x86.ActiveCfg = Debug|iPhoneSimulator
		{FBF6C72F-0F46-412C-98D4-5254A91B03A4}.Ad-Hoc|Any CPU.ActiveCfg = Ad-Hoc|iPhone
		{FBF6C72F-0F46-412C-98D4-5254A91B03A4}.Ad-Hoc|ARM.ActiveCfg = Ad-Hoc|iPhone
		{FBF6C72F-0F46-412C-98D4-5254A91B03A4}.Ad-Hoc|iPhone.ActiveCfg = Ad-Hoc|iPhone
		{FBF6C72F-0F46-412C-98D4-5254A91B03A4}.Ad-Hoc|iPhone.Build.0 = Ad-Hoc|iPhone
		{FBF6C72F-0F46-412C-98D4-5254A91B03A4}.Ad-Hoc|iPhoneSimulator.ActiveCfg = Ad-Hoc|iPhone
		{FBF6C72F-0F46-412C-98D4-5254A91B03A4}.Ad-Hoc|x86.ActiveCfg = Ad-Hoc|iPhone
		{FBF6C72F-0F46-412C-98D4-5254A91B03A4}.AppStore|Any CPU.ActiveCfg = AppStore|iPhone
		{FBF6C72F-0F46-412C-98D4-5254A91B03A4}.AppStore|ARM.ActiveCfg = AppStore|iPhone
		{FBF6C72F-0F46-412C-98D4-5254A91B03A4}.AppStore|iPhone.ActiveCfg = AppStore|iPhone
		{FBF6C72F-0F46-412C-98D4-5254A91B03A4}.AppStore|iPhone.Build.0 = AppStore|iPhone
		{FBF6C72F-0F46-412C-98D4-5254A91B03A4}.AppStore|iPhoneSimulator.ActiveCfg = AppStore|iPhone
		{FBF6C72F-0F46-412C-98D4-5254A91B03A4}.AppStore|x86.ActiveCfg = AppStore|iPhone
		{FBF6C72F-0F46-412C-98D4-5254A91B03A4}.Debug|Any CPU.ActiveCfg = Debug|iPhoneSimulator
		{FBF6C72F-0F46-412C-98D4-5254A91B03A4}.Debug|Any CPU.Build.0 = Debug|iPhoneSimulator
		{FBF6C72F-0F46-412C-98D4-5254A91B03A4}.Debug|ARM.ActiveCfg = Debug|iPhone
		{FBF6C72F-0F46-412C-98D4-5254A91B03A4}.Debug|iPhone.ActiveCfg = Debug|iPhone
		{FBF6C72F-0F46-412C-98D4-5254A91B03A4}.Debug|iPhone.Build.0 = Debug|iPhone
		{FBF6C72F-0F46-412C-98D4-5254A91B03A4}.Debug|iPhoneSimulator.ActiveCfg = Debug|iPhoneSimulator
		{FBF6C72F-0F46-412C-98D4-5254A91B03A4}.Debug|iPhoneSimulator.Build.0 = Debug|iPhoneSimulator
		{FBF6C72F-0F46-412C-98D4-5254A91B03A4}.Debug|x86.ActiveCfg = Debug|iPhone
		{FBF6C72F-0F46-412C-98D4-5254A91B03A4}.Release|Any CPU.ActiveCfg = Release|iPhoneSimulator
		{FBF6C72F-0F46-412C-98D4-5254A91B03A4}.Release|Any CPU.Build.0 = Release|iPhoneSimulator
		{FBF6C72F-0F46-412C-98D4-5254A91B03A4}.Release|ARM.ActiveCfg = Release|iPhone
		{FBF6C72F-0F46-412C-98D4-5254A91B03A4}.Release|iPhone.ActiveCfg = Release|iPhone
		{FBF6C72F-0F46-412C-98D4-5254A91B03A4}.Release|iPhone.Build.0 = Release|iPhone
		{FBF6C72F-0F46-412C-98D4-5254A91B03A4}.Release|iPhoneSimulator.ActiveCfg = Release|iPhoneSimulator
		{FBF6C72F-0F46-412C-98D4-5254A91B03A4}.Release|iPhoneSimulator.Build.0 = Release|iPhoneSimulator
		{FBF6C72F-0F46-412C-98D4-5254A91B03A4}.Release|x86.ActiveCfg = Release|iPhone
		{D9F91A28-FBEF-4542-B3BE-A42EF82E9FB3}.Ad-Hoc|Any CPU.ActiveCfg = Debug|Any CPU
		{D9F91A28-FBEF-4542-B3BE-A42EF82E9FB3}.Ad-Hoc|ARM.ActiveCfg = Debug|Any CPU
		{D9F91A28-FBEF-4542-B3BE-A42EF82E9FB3}.Ad-Hoc|iPhone.ActiveCfg = Release|Any CPU
		{D9F91A28-FBEF-4542-B3BE-A42EF82E9FB3}.Ad-Hoc|iPhone.Build.0 = Release|Any CPU
		{D9F91A28-FBEF-4542-B3BE-A42EF82E9FB3}.Ad-Hoc|iPhoneSimulator.ActiveCfg = Debug|Any CPU
		{D9F91A28-FBEF-4542-B3BE-A42EF82E9FB3}.Ad-Hoc|x86.ActiveCfg = Debug|Any CPU
		{D9F91A28-FBEF-4542-B3BE-A42EF82E9FB3}.AppStore|Any CPU.ActiveCfg = Debug|Any CPU
		{D9F91A28-FBEF-4542-B3BE-A42EF82E9FB3}.AppStore|ARM.ActiveCfg = Debug|Any CPU
		{D9F91A28-FBEF-4542-B3BE-A42EF82E9FB3}.AppStore|iPhone.ActiveCfg = Release|Any CPU
		{D9F91A28-FBEF-4542-B3BE-A42EF82E9FB3}.AppStore|iPhone.Build.0 = Release|Any CPU
		{D9F91A28-FBEF-4542-B3BE-A42EF82E9FB3}.AppStore|iPhoneSimulator.ActiveCfg = Debug|Any CPU
		{D9F91A28-FBEF-4542-B3BE-A42EF82E9FB3}.AppStore|x86.ActiveCfg = Debug|Any CPU
		{D9F91A28-FBEF-4542-B3BE-A42EF82E9FB3}.Debug|Any CPU.ActiveCfg = Debug|Any CPU
		{D9F91A28-FBEF-4542-B3BE-A42EF82E9FB3}.Debug|Any CPU.Build.0 = Debug|Any CPU
		{D9F91A28-FBEF-4542-B3BE-A42EF82E9FB3}.Debug|ARM.ActiveCfg = Debug|Any CPU
		{D9F91A28-FBEF-4542-B3BE-A42EF82E9FB3}.Debug|iPhone.ActiveCfg = Debug|Any CPU
		{D9F91A28-FBEF-4542-B3BE-A42EF82E9FB3}.Debug|iPhone.Build.0 = Debug|Any CPU
		{D9F91A28-FBEF-4542-B3BE-A42EF82E9FB3}.Debug|iPhoneSimulator.ActiveCfg = Debug|Any CPU
		{D9F91A28-FBEF-4542-B3BE-A42EF82E9FB3}.Debug|iPhoneSimulator.Build.0 = Debug|Any CPU
		{D9F91A28-FBEF-4542-B3BE-A42EF82E9FB3}.Debug|x86.ActiveCfg = Debug|Any CPU
		{D9F91A28-FBEF-4542-B3BE-A42EF82E9FB3}.Release|Any CPU.ActiveCfg = Release|Any CPU
		{D9F91A28-FBEF-4542-B3BE-A42EF82E9FB3}.Release|Any CPU.Build.0 = Release|Any CPU
		{D9F91A28-FBEF-4542-B3BE-A42EF82E9FB3}.Release|ARM.ActiveCfg = Release|Any CPU
		{D9F91A28-FBEF-4542-B3BE-A42EF82E9FB3}.Release|iPhone.ActiveCfg = Release|Any CPU
		{D9F91A28-FBEF-4542-B3BE-A42EF82E9FB3}.Release|iPhone.Build.0 = Release|Any CPU
		{D9F91A28-FBEF-4542-B3BE-A42EF82E9FB3}.Release|iPhoneSimulator.ActiveCfg = Release|Any CPU
		{D9F91A28-FBEF-4542-B3BE-A42EF82E9FB3}.Release|iPhoneSimulator.Build.0 = Release|Any CPU
		{D9F91A28-FBEF-4542-B3BE-A42EF82E9FB3}.Release|x86.ActiveCfg = Release|Any CPU
		{AEA50B56-1C83-419C-9A00-2C9AC2AFA751}.Ad-Hoc|Any CPU.ActiveCfg = Debug|Any CPU
		{AEA50B56-1C83-419C-9A00-2C9AC2AFA751}.Ad-Hoc|ARM.ActiveCfg = Debug|Any CPU
		{AEA50B56-1C83-419C-9A00-2C9AC2AFA751}.Ad-Hoc|iPhone.ActiveCfg = Release|Any CPU
		{AEA50B56-1C83-419C-9A00-2C9AC2AFA751}.Ad-Hoc|iPhone.Build.0 = Release|Any CPU
		{AEA50B56-1C83-419C-9A00-2C9AC2AFA751}.Ad-Hoc|iPhoneSimulator.ActiveCfg = Debug|Any CPU
		{AEA50B56-1C83-419C-9A00-2C9AC2AFA751}.Ad-Hoc|x86.ActiveCfg = Debug|Any CPU
		{AEA50B56-1C83-419C-9A00-2C9AC2AFA751}.AppStore|Any CPU.ActiveCfg = Debug|Any CPU
		{AEA50B56-1C83-419C-9A00-2C9AC2AFA751}.AppStore|ARM.ActiveCfg = Debug|Any CPU
		{AEA50B56-1C83-419C-9A00-2C9AC2AFA751}.AppStore|iPhone.ActiveCfg = Release|Any CPU
		{AEA50B56-1C83-419C-9A00-2C9AC2AFA751}.AppStore|iPhone.Build.0 = Release|Any CPU
		{AEA50B56-1C83-419C-9A00-2C9AC2AFA751}.AppStore|iPhoneSimulator.ActiveCfg = Debug|Any CPU
		{AEA50B56-1C83-419C-9A00-2C9AC2AFA751}.AppStore|x86.ActiveCfg = Debug|Any CPU
		{AEA50B56-1C83-419C-9A00-2C9AC2AFA751}.Debug|Any CPU.ActiveCfg = Debug|Any CPU
		{AEA50B56-1C83-419C-9A00-2C9AC2AFA751}.Debug|Any CPU.Build.0 = Debug|Any CPU
		{AEA50B56-1C83-419C-9A00-2C9AC2AFA751}.Debug|ARM.ActiveCfg = Debug|Any CPU
		{AEA50B56-1C83-419C-9A00-2C9AC2AFA751}.Debug|iPhone.ActiveCfg = Debug|Any CPU
		{AEA50B56-1C83-419C-9A00-2C9AC2AFA751}.Debug|iPhone.Build.0 = Debug|Any CPU
		{AEA50B56-1C83-419C-9A00-2C9AC2AFA751}.Debug|iPhoneSimulator.ActiveCfg = Debug|Any CPU
		{AEA50B56-1C83-419C-9A00-2C9AC2AFA751}.Debug|iPhoneSimulator.Build.0 = Debug|Any CPU
		{AEA50B56-1C83-419C-9A00-2C9AC2AFA751}.Debug|x86.ActiveCfg = Debug|Any CPU
		{AEA50B56-1C83-419C-9A00-2C9AC2AFA751}.Release|Any CPU.ActiveCfg = Release|Any CPU
		{AEA50B56-1C83-419C-9A00-2C9AC2AFA751}.Release|Any CPU.Build.0 = Release|Any CPU
		{AEA50B56-1C83-419C-9A00-2C9AC2AFA751}.Release|ARM.ActiveCfg = Release|Any CPU
		{AEA50B56-1C83-419C-9A00-2C9AC2AFA751}.Release|iPhone.ActiveCfg = Release|Any CPU
		{AEA50B56-1C83-419C-9A00-2C9AC2AFA751}.Release|iPhone.Build.0 = Release|Any CPU
		{AEA50B56-1C83-419C-9A00-2C9AC2AFA751}.Release|iPhoneSimulator.ActiveCfg = Release|Any CPU
		{AEA50B56-1C83-419C-9A00-2C9AC2AFA751}.Release|iPhoneSimulator.Build.0 = Release|Any CPU
		{AEA50B56-1C83-419C-9A00-2C9AC2AFA751}.Release|x86.ActiveCfg = Release|Any CPU
		{FDC9CBB0-5396-465D-B0F0-935DE14B7C7B}.Ad-Hoc|Any CPU.ActiveCfg = Release|Any CPU
		{FDC9CBB0-5396-465D-B0F0-935DE14B7C7B}.Ad-Hoc|Any CPU.Build.0 = Release|Any CPU
		{FDC9CBB0-5396-465D-B0F0-935DE14B7C7B}.Ad-Hoc|Any CPU.Deploy.0 = Release|Any CPU
		{FDC9CBB0-5396-465D-B0F0-935DE14B7C7B}.Ad-Hoc|ARM.ActiveCfg = Release|ARM
		{FDC9CBB0-5396-465D-B0F0-935DE14B7C7B}.Ad-Hoc|ARM.Build.0 = Release|ARM
		{FDC9CBB0-5396-465D-B0F0-935DE14B7C7B}.Ad-Hoc|ARM.Deploy.0 = Release|ARM
		{FDC9CBB0-5396-465D-B0F0-935DE14B7C7B}.Ad-Hoc|iPhone.ActiveCfg = Release|Any CPU
		{FDC9CBB0-5396-465D-B0F0-935DE14B7C7B}.Ad-Hoc|iPhoneSimulator.ActiveCfg = Release|Any CPU
		{FDC9CBB0-5396-465D-B0F0-935DE14B7C7B}.Ad-Hoc|x86.ActiveCfg = Release|x86
		{FDC9CBB0-5396-465D-B0F0-935DE14B7C7B}.Ad-Hoc|x86.Build.0 = Release|x86
		{FDC9CBB0-5396-465D-B0F0-935DE14B7C7B}.Ad-Hoc|x86.Deploy.0 = Release|x86
		{FDC9CBB0-5396-465D-B0F0-935DE14B7C7B}.AppStore|Any CPU.ActiveCfg = Release|Any CPU
		{FDC9CBB0-5396-465D-B0F0-935DE14B7C7B}.AppStore|Any CPU.Build.0 = Release|Any CPU
		{FDC9CBB0-5396-465D-B0F0-935DE14B7C7B}.AppStore|Any CPU.Deploy.0 = Release|Any CPU
		{FDC9CBB0-5396-465D-B0F0-935DE14B7C7B}.AppStore|ARM.ActiveCfg = Release|ARM
		{FDC9CBB0-5396-465D-B0F0-935DE14B7C7B}.AppStore|ARM.Build.0 = Release|ARM
		{FDC9CBB0-5396-465D-B0F0-935DE14B7C7B}.AppStore|ARM.Deploy.0 = Release|ARM
		{FDC9CBB0-5396-465D-B0F0-935DE14B7C7B}.AppStore|iPhone.ActiveCfg = Release|Any CPU
		{FDC9CBB0-5396-465D-B0F0-935DE14B7C7B}.AppStore|iPhoneSimulator.ActiveCfg = Release|Any CPU
		{FDC9CBB0-5396-465D-B0F0-935DE14B7C7B}.AppStore|x86.ActiveCfg = Release|x86
		{FDC9CBB0-5396-465D-B0F0-935DE14B7C7B}.AppStore|x86.Build.0 = Release|x86
		{FDC9CBB0-5396-465D-B0F0-935DE14B7C7B}.AppStore|x86.Deploy.0 = Release|x86
		{FDC9CBB0-5396-465D-B0F0-935DE14B7C7B}.Debug|Any CPU.ActiveCfg = Debug|Any CPU
		{FDC9CBB0-5396-465D-B0F0-935DE14B7C7B}.Debug|Any CPU.Build.0 = Debug|Any CPU
		{FDC9CBB0-5396-465D-B0F0-935DE14B7C7B}.Debug|Any CPU.Deploy.0 = Debug|Any CPU
		{FDC9CBB0-5396-465D-B0F0-935DE14B7C7B}.Debug|ARM.ActiveCfg = Debug|ARM
		{FDC9CBB0-5396-465D-B0F0-935DE14B7C7B}.Debug|ARM.Build.0 = Debug|ARM
		{FDC9CBB0-5396-465D-B0F0-935DE14B7C7B}.Debug|ARM.Deploy.0 = Debug|ARM
		{FDC9CBB0-5396-465D-B0F0-935DE14B7C7B}.Debug|iPhone.ActiveCfg = Debug|Any CPU
		{FDC9CBB0-5396-465D-B0F0-935DE14B7C7B}.Debug|iPhoneSimulator.ActiveCfg = Debug|Any CPU
		{FDC9CBB0-5396-465D-B0F0-935DE14B7C7B}.Debug|x86.ActiveCfg = Debug|x86
		{FDC9CBB0-5396-465D-B0F0-935DE14B7C7B}.Debug|x86.Build.0 = Debug|x86
		{FDC9CBB0-5396-465D-B0F0-935DE14B7C7B}.Debug|x86.Deploy.0 = Debug|x86
		{FDC9CBB0-5396-465D-B0F0-935DE14B7C7B}.Release|Any CPU.ActiveCfg = Release|Any CPU
		{FDC9CBB0-5396-465D-B0F0-935DE14B7C7B}.Release|Any CPU.Build.0 = Release|Any CPU
		{FDC9CBB0-5396-465D-B0F0-935DE14B7C7B}.Release|Any CPU.Deploy.0 = Release|Any CPU
		{FDC9CBB0-5396-465D-B0F0-935DE14B7C7B}.Release|ARM.ActiveCfg = Release|ARM
		{FDC9CBB0-5396-465D-B0F0-935DE14B7C7B}.Release|ARM.Build.0 = Release|ARM
		{FDC9CBB0-5396-465D-B0F0-935DE14B7C7B}.Release|ARM.Deploy.0 = Release|ARM
		{FDC9CBB0-5396-465D-B0F0-935DE14B7C7B}.Release|iPhone.ActiveCfg = Release|Any CPU
		{FDC9CBB0-5396-465D-B0F0-935DE14B7C7B}.Release|iPhoneSimulator.ActiveCfg = Release|Any CPU
		{FDC9CBB0-5396-465D-B0F0-935DE14B7C7B}.Release|x86.ActiveCfg = Release|x86
		{FDC9CBB0-5396-465D-B0F0-935DE14B7C7B}.Release|x86.Build.0 = Release|x86
		{FDC9CBB0-5396-465D-B0F0-935DE14B7C7B}.Release|x86.Deploy.0 = Release|x86
	EndGlobalSection
	GlobalSection(SolutionProperties) = preSolution
		HideSolutionNode = FALSE
	EndGlobalSection
	GlobalSection(MonoDevelopProperties) = preSolution
		StartupItem = iOS\FootballTournament2014.iOS.csproj
	EndGlobalSection
EndGlobal
